// !$*UTF8*$!
{
	archiveVersion = 1;
	classes = {
	};
	objectVersion = 46;
	objects = {

/* Begin PBXBuildFile section */
		DAAE3F641A097C2E0033C82B /* AppDelegate.swift in Sources */ = {isa = PBXBuildFile; fileRef = DAAE3F631A097C2E0033C82B /* AppDelegate.swift */; };
		DAAE3F661A097C2E0033C82B /* ViewController.swift in Sources */ = {isa = PBXBuildFile; fileRef = DAAE3F651A097C2E0033C82B /* ViewController.swift */; };
		DAAE3F691A097C2E0033C82B /* Main.storyboard in Resources */ = {isa = PBXBuildFile; fileRef = DAAE3F671A097C2E0033C82B /* Main.storyboard */; };
		DAAE3F6B1A097C2E0033C82B /* Images.xcassets in Resources */ = {isa = PBXBuildFile; fileRef = DAAE3F6A1A097C2E0033C82B /* Images.xcassets */; };
		DAAE3F6E1A097C2E0033C82B /* LaunchScreen.xib in Resources */ = {isa = PBXBuildFile; fileRef = DAAE3F6C1A097C2E0033C82B /* LaunchScreen.xib */; };
		DAAE3F7A1A097C2E0033C82B /* ExampleAppTests.swift in Sources */ = {isa = PBXBuildFile; fileRef = DAAE3F791A097C2E0033C82B /* ExampleAppTests.swift */; };
		DAF74AA91A12D2C900B7FDF4 /* MeshableNode.swift in Sources */ = {isa = PBXBuildFile; fileRef = DAF74AA81A12D2C900B7FDF4 /* MeshableNode.swift */; };
		DAF74AAB1A12DE9800B7FDF4 /* MeshableDevice.swift in Sources */ = {isa = PBXBuildFile; fileRef = DAF74AAA1A12DE9800B7FDF4 /* MeshableDevice.swift */; };
/* End PBXBuildFile section */

/* Begin PBXContainerItemProxy section */
		DAAE3F741A097C2E0033C82B /* PBXContainerItemProxy */ = {
			isa = PBXContainerItemProxy;
			containerPortal = DAAE3F561A097C2E0033C82B /* Project object */;
			proxyType = 1;
			remoteGlobalIDString = DAAE3F5D1A097C2E0033C82B;
			remoteInfo = ExampleApp;
		};
/* End PBXContainerItemProxy section */

/* Begin PBXFileReference section */
		DAAE3F5E1A097C2E0033C82B /* ExampleApp.app */ = {isa = PBXFileReference; explicitFileType = wrapper.application; includeInIndex = 0; path = ExampleApp.app; sourceTree = BUILT_PRODUCTS_DIR; };
		DAAE3F621A097C2E0033C82B /* Info.plist */ = {isa = PBXFileReference; lastKnownFileType = text.plist.xml; path = Info.plist; sourceTree = "<group>"; };
		DAAE3F631A097C2E0033C82B /* AppDelegate.swift */ = {isa = PBXFileReference; lastKnownFileType = sourcecode.swift; path = AppDelegate.swift; sourceTree = "<group>"; };
		DAAE3F651A097C2E0033C82B /* ViewController.swift */ = {isa = PBXFileReference; lastKnownFileType = sourcecode.swift; path = ViewController.swift; sourceTree = "<group>"; };
		DAAE3F681A097C2E0033C82B /* Base */ = {isa = PBXFileReference; lastKnownFileType = file.storyboard; name = Base; path = Base.lproj/Main.storyboard; sourceTree = "<group>"; };
		DAAE3F6A1A097C2E0033C82B /* Images.xcassets */ = {isa = PBXFileReference; lastKnownFileType = folder.assetcatalog; path = Images.xcassets; sourceTree = "<group>"; };
		DAAE3F6D1A097C2E0033C82B /* Base */ = {isa = PBXFileReference; lastKnownFileType = file.xib; name = Base; path = Base.lproj/LaunchScreen.xib; sourceTree = "<group>"; };
		DAAE3F731A097C2E0033C82B /* ExampleAppTests.xctest */ = {isa = PBXFileReference; explicitFileType = wrapper.cfbundle; includeInIndex = 0; path = ExampleAppTests.xctest; sourceTree = BUILT_PRODUCTS_DIR; };
		DAAE3F781A097C2E0033C82B /* Info.plist */ = {isa = PBXFileReference; lastKnownFileType = text.plist.xml; path = Info.plist; sourceTree = "<group>"; };
		DAAE3F791A097C2E0033C82B /* ExampleAppTests.swift */ = {isa = PBXFileReference; lastKnownFileType = sourcecode.swift; path = ExampleAppTests.swift; sourceTree = "<group>"; };
		DAF74AA81A12D2C900B7FDF4 /* MeshableNode.swift */ = {isa = PBXFileReference; fileEncoding = 4; lastKnownFileType = sourcecode.swift; path = MeshableNode.swift; sourceTree = "<group>"; };
		DAF74AAA1A12DE9800B7FDF4 /* MeshableDevice.swift */ = {isa = PBXFileReference; fileEncoding = 4; lastKnownFileType = sourcecode.swift; path = MeshableDevice.swift; sourceTree = "<group>"; };
/* End PBXFileReference section */

/* Begin PBXFrameworksBuildPhase section */
		DAAE3F5B1A097C2E0033C82B /* Frameworks */ = {
			isa = PBXFrameworksBuildPhase;
			buildActionMask = 2147483647;
			files = (
			);
			runOnlyForDeploymentPostprocessing = 0;
		};
		DAAE3F701A097C2E0033C82B /* Frameworks */ = {
			isa = PBXFrameworksBuildPhase;
			buildActionMask = 2147483647;
			files = (
			);
			runOnlyForDeploymentPostprocessing = 0;
		};
/* End PBXFrameworksBuildPhase section */

/* Begin PBXGroup section */
		DAAE3F551A097C2E0033C82B = {
			isa = PBXGroup;
			children = (
				DAAE3F601A097C2E0033C82B /* ExampleApp */,
				DAAE3F761A097C2E0033C82B /* ExampleAppTests */,
				DAAE3F5F1A097C2E0033C82B /* Products */,
			);
			sourceTree = "<group>";
		};
		DAAE3F5F1A097C2E0033C82B /* Products */ = {
			isa = PBXGroup;
			children = (
				DAAE3F5E1A097C2E0033C82B /* ExampleApp.app */,
				DAAE3F731A097C2E0033C82B /* ExampleAppTests.xctest */,
			);
			name = Products;
			sourceTree = "<group>";
		};
		DAAE3F601A097C2E0033C82B /* ExampleApp */ = {
			isa = PBXGroup;
			children = (
				DAAE3F631A097C2E0033C82B /* AppDelegate.swift */,
				DAAE3F651A097C2E0033C82B /* ViewController.swift */,
				DAF74AA81A12D2C900B7FDF4 /* MeshableNode.swift */,
				DAF74AAA1A12DE9800B7FDF4 /* MeshableDevice.swift */,
				DAAE3F671A097C2E0033C82B /* Main.storyboard */,
				DAAE3F6A1A097C2E0033C82B /* Images.xcassets */,
				DAAE3F6C1A097C2E0033C82B /* LaunchScreen.xib */,
				DAAE3F611A097C2E0033C82B /* Supporting Files */,
			);
			path = ExampleApp;
			sourceTree = "<group>";
		};
		DAAE3F611A097C2E0033C82B /* Supporting Files */ = {
			isa = PBXGroup;
			children = (
				DAAE3F621A097C2E0033C82B /* Info.plist */,
			);
			name = "Supporting Files";
			sourceTree = "<group>";
		};
		DAAE3F761A097C2E0033C82B /* ExampleAppTests */ = {
			isa = PBXGroup;
			children = (
				DAAE3F791A097C2E0033C82B /* ExampleAppTests.swift */,
				DAAE3F771A097C2E0033C82B /* Supporting Files */,
			);
			path = ExampleAppTests;
			sourceTree = "<group>";
		};
		DAAE3F771A097C2E0033C82B /* Supporting Files */ = {
			isa = PBXGroup;
			children = (
				DAAE3F781A097C2E0033C82B /* Info.plist */,
			);
			name = "Supporting Files";
			sourceTree = "<group>";
		};
/* End PBXGroup section */

/* Begin PBXNativeTarget section */
		DAAE3F5D1A097C2E0033C82B /* ExampleApp */ = {
			isa = PBXNativeTarget;
			buildConfigurationList = DAAE3F7D1A097C2E0033C82B /* Build configuration list for PBXNativeTarget "ExampleApp" */;
			buildPhases = (
				DAAE3F5A1A097C2E0033C82B /* Sources */,
				DAAE3F5B1A097C2E0033C82B /* Frameworks */,
				DAAE3F5C1A097C2E0033C82B /* Resources */,
			);
			buildRules = (
			);
			dependencies = (
			);
			name = ExampleApp;
			productName = ExampleApp;
			productReference = DAAE3F5E1A097C2E0033C82B /* ExampleApp.app */;
			productType = "com.apple.product-type.application";
		};
		DAAE3F721A097C2E0033C82B /* ExampleAppTests */ = {
			isa = PBXNativeTarget;
			buildConfigurationList = DAAE3F801A097C2E0033C82B /* Build configuration list for PBXNativeTarget "ExampleAppTests" */;
			buildPhases = (
				DAAE3F6F1A097C2E0033C82B /* Sources */,
				DAAE3F701A097C2E0033C82B /* Frameworks */,
				DAAE3F711A097C2E0033C82B /* Resources */,
			);
			buildRules = (
			);
			dependencies = (
				DAAE3F751A097C2E0033C82B /* PBXTargetDependency */,
			);
			name = ExampleAppTests;
			productName = ExampleAppTests;
			productReference = DAAE3F731A097C2E0033C82B /* ExampleAppTests.xctest */;
			productType = "com.apple.product-type.bundle.unit-test";
		};
/* End PBXNativeTarget section */

/* Begin PBXProject section */
		DAAE3F561A097C2E0033C82B /* Project object */ = {
			isa = PBXProject;
			attributes = {
				LastUpgradeCheck = 0610;
				ORGANIZATIONNAME = Meshable;
				TargetAttributes = {
					DAAE3F5D1A097C2E0033C82B = {
						CreatedOnToolsVersion = 6.1;
						DevelopmentTeam = 6LVS5L894B;
					};
					DAAE3F721A097C2E0033C82B = {
						CreatedOnToolsVersion = 6.1;
						TestTargetID = DAAE3F5D1A097C2E0033C82B;
					};
				};
			};
			buildConfigurationList = DAAE3F591A097C2E0033C82B /* Build configuration list for PBXProject "ExampleApp" */;
			compatibilityVersion = "Xcode 3.2";
			developmentRegion = English;
			hasScannedForEncodings = 0;
			knownRegions = (
				en,
				Base,
			);
			mainGroup = DAAE3F551A097C2E0033C82B;
			productRefGroup = DAAE3F5F1A097C2E0033C82B /* Products */;
			projectDirPath = "";
			projectRoot = "";
			targets = (
				DAAE3F5D1A097C2E0033C82B /* ExampleApp */,
				DAAE3F721A097C2E0033C82B /* ExampleAppTests */,
			);
		};
/* End PBXProject section */

/* Begin PBXResourcesBuildPhase section */
		DAAE3F5C1A097C2E0033C82B /* Resources */ = {
			isa = PBXResourcesBuildPhase;
			buildActionMask = 2147483647;
			files = (
				DAAE3F691A097C2E0033C82B /* Main.storyboard in Resources */,
				DAAE3F6E1A097C2E0033C82B /* LaunchScreen.xib in Resources */,
				DAAE3F6B1A097C2E0033C82B /* Images.xcassets in Resources */,
			);
			runOnlyForDeploymentPostprocessing = 0;
		};
		DAAE3F711A097C2E0033C82B /* Resources */ = {
			isa = PBXResourcesBuildPhase;
			buildActionMask = 2147483647;
			files = (
			);
			runOnlyForDeploymentPostprocessing = 0;
		};
/* End PBXResourcesBuildPhase section */

/* Begin PBXSourcesBuildPhase section */
		DAAE3F5A1A097C2E0033C82B /* Sources */ = {
			isa = PBXSourcesBuildPhase;
			buildActionMask = 2147483647;
			files = (
				DAF74AAB1A12DE9800B7FDF4 /* MeshableDevice.swift in Sources */,
				DAAE3F661A097C2E0033C82B /* ViewController.swift in Sources */,
				DAAE3F641A097C2E0033C82B /* AppDelegate.swift in Sources */,
				DAF74AA91A12D2C900B7FDF4 /* MeshableNode.swift in Sources */,
			);
			runOnlyForDeploymentPostprocessing = 0;
		};
		DAAE3F6F1A097C2E0033C82B /* Sources */ = {
			isa = PBXSourcesBuildPhase;
			buildActionMask = 2147483647;
			files = (
				DAAE3F7A1A097C2E0033C82B /* ExampleAppTests.swift in Sources */,
			);
			runOnlyForDeploymentPostprocessing = 0;
		};
/* End PBXSourcesBuildPhase section */

/* Begin PBXTargetDependency section */
		DAAE3F751A097C2E0033C82B /* PBXTargetDependency */ = {
			isa = PBXTargetDependency;
			target = DAAE3F5D1A097C2E0033C82B /* ExampleApp */;
			targetProxy = DAAE3F741A097C2E0033C82B /* PBXContainerItemProxy */;
		};
/* End PBXTargetDependency section */

/* Begin PBXVariantGroup section */
		DAAE3F671A097C2E0033C82B /* Main.storyboard */ = {
			isa = PBXVariantGroup;
			children = (
				DAAE3F681A097C2E0033C82B /* Base */,
			);
			name = Main.storyboard;
			sourceTree = "<group>";
		};
		DAAE3F6C1A097C2E0033C82B /* LaunchScreen.xib */ = {
			isa = PBXVariantGroup;
			children = (
				DAAE3F6D1A097C2E0033C82B /* Base */,
			);
			name = LaunchScreen.xib;
			sourceTree = "<group>";
		};
/* End PBXVariantGroup section */

/* Begin XCBuildConfiguration section */
		DAAE3F7B1A097C2E0033C82B /* Debug */ = {
			isa = XCBuildConfiguration;
			buildSettings = {
				ALWAYS_SEARCH_USER_PATHS = NO;
				CLANG_CXX_LANGUAGE_STANDARD = "gnu++0x";
				CLANG_CXX_LIBRARY = "libc++";
				CLANG_ENABLE_MODULES = YES;
				CLANG_ENABLE_OBJC_ARC = YES;
				CLANG_WARN_BOOL_CONVERSION = YES;
				CLANG_WARN_CONSTANT_CONVERSION = YES;
				CLANG_WARN_DIRECT_OBJC_ISA_USAGE = YES_ERROR;
				CLANG_WARN_EMPTY_BODY = YES;
				CLANG_WARN_ENUM_CONVERSION = YES;
				CLANG_WARN_INT_CONVERSION = YES;
				CLANG_WARN_OBJC_ROOT_CLASS = YES_ERROR;
				CLANG_WARN_UNREACHABLE_CODE = YES;
				CLANG_WARN__DUPLICATE_METHOD_MATCH = YES;
				"CODE_SIGN_IDENTITY[sdk=iphoneos*]" = "iPhone Developer";
				COPY_PHASE_STRIP = NO;
				ENABLE_STRICT_OBJC_MSGSEND = YES;
				GCC_C_LANGUAGE_STANDARD = gnu99;
				GCC_DYNAMIC_NO_PIC = NO;
				GCC_OPTIMIZATION_LEVEL = 0;
				GCC_PREPROCESSOR_DEFINITIONS = (
					"DEBUG=1",
					"$(inherited)",
				);
				GCC_SYMBOLS_PRIVATE_EXTERN = NO;
				GCC_WARN_64_TO_32_BIT_CONVERSION = YES;
				GCC_WARN_ABOUT_RETURN_TYPE = YES_ERROR;
				GCC_WARN_UNDECLARED_SELECTOR = YES;
				GCC_WARN_UNINITIALIZED_AUTOS = YES_AGGRESSIVE;
				GCC_WARN_UNUSED_FUNCTION = YES;
				GCC_WARN_UNUSED_VARIABLE = YES;
				IPHONEOS_DEPLOYMENT_TARGET = 8.1;
				MTL_ENABLE_DEBUG_INFO = YES;
				ONLY_ACTIVE_ARCH = YES;
				SDKROOT = iphoneos;
				SWIFT_OPTIMIZATION_LEVEL = "-Onone";
				TARGETED_DEVICE_FAMILY = "1,2";
			};
			name = Debug;
		};
		DAAE3F7C1A097C2E0033C82B /* Release */ = {
			isa = XCBuildConfiguration;
			buildSettings = {
				ALWAYS_SEARCH_USER_PATHS = NO;
				CLANG_CXX_LANGUAGE_STANDARD = "gnu++0x";
				CLANG_CXX_LIBRARY = "libc++";
				CLANG_ENABLE_MODULES = YES;
				CLANG_ENABLE_OBJC_ARC = YES;
				CLANG_WARN_BOOL_CONVERSION = YES;
				CLANG_WARN_CONSTANT_CONVERSION = YES;
				CLANG_WARN_DIRECT_OBJC_ISA_USAGE = YES_ERROR;
				CLANG_WARN_EMPTY_BODY = YES;
				CLANG_WARN_ENUM_CONVERSION = YES;
				CLANG_WARN_INT_CONVERSION = YES;
				CLANG_WARN_OBJC_ROOT_CLASS = YES_ERROR;
				CLANG_WARN_UNREACHABLE_CODE = YES;
				CLANG_WARN__DUPLICATE_METHOD_MATCH = YES;
				"CODE_SIGN_IDENTITY[sdk=iphoneos*]" = "iPhone Developer";
				COPY_PHASE_STRIP = YES;
				ENABLE_NS_ASSERTIONS = NO;
				ENABLE_STRICT_OBJC_MSGSEND = YES;
				GCC_C_LANGUAGE_STANDARD = gnu99;
				GCC_WARN_64_TO_32_BIT_CONVERSION = YES;
				GCC_WARN_ABOUT_RETURN_TYPE = YES_ERROR;
				GCC_WARN_UNDECLARED_SELECTOR = YES;
				GCC_WARN_UNINITIALIZED_AUTOS = YES_AGGRESSIVE;
				GCC_WARN_UNUSED_FUNCTION = YES;
				GCC_WARN_UNUSED_VARIABLE = YES;
				IPHONEOS_DEPLOYMENT_TARGET = 8.1;
				MTL_ENABLE_DEBUG_INFO = NO;
				SDKROOT = iphoneos;
				TARGETED_DEVICE_FAMILY = "1,2";
				VALIDATE_PRODUCT = YES;
			};
			name = Release;
		};
		DAAE3F7E1A097C2E0033C82B /* Debug */ = {
			isa = XCBuildConfiguration;
			buildSettings = {
				ASSETCATALOG_COMPILER_APPICON_NAME = AppIcon;
				CODE_SIGN_IDENTITY = "iPhone Developer";
				"CODE_SIGN_IDENTITY[sdk=iphoneos*]" = "iPhone Developer";
				INFOPLIST_FILE = ExampleApp/Info.plist;
				LD_RUNPATH_SEARCH_PATHS = "$(inherited) @executable_path/Frameworks";
				PRODUCT_NAME = "$(TARGET_NAME)";
				PROVISIONING_PROFILE = "";
			};
			name = Debug;
		};
		DAAE3F7F1A097C2E0033C82B /* Release */ = {
			isa = XCBuildConfiguration;
			buildSettings = {
				ASSETCATALOG_COMPILER_APPICON_NAME = AppIcon;
				CODE_SIGN_IDENTITY = "iPhone Developer";
				"CODE_SIGN_IDENTITY[sdk=iphoneos*]" = "iPhone Developer";
				INFOPLIST_FILE = ExampleApp/Info.plist;
				LD_RUNPATH_SEARCH_PATHS = "$(inherited) @executable_path/Frameworks";
				PRODUCT_NAME = "$(TARGET_NAME)";
				PROVISIONING_PROFILE = "";
			};
			name = Release;
		};
		DAAE3F811A097C2E0033C82B /* Debug */ = {
			isa = XCBuildConfiguration;
			buildSettings = {
				BUNDLE_LOADER = "$(TEST_HOST)";
				FRAMEWORK_SEARCH_PATHS = (
					"$(SDKROOT)/Developer/Library/Frameworks",
					"$(inherited)",
				);
				GCC_PREPROCESSOR_DEFINITIONS = (
					"DEBUG=1",
					"$(inherited)",
				);
				INFOPLIST_FILE = ExampleAppTests/Info.plist;
				LD_RUNPATH_SEARCH_PATHS = "$(inherited) @executable_path/Frameworks @loader_path/Frameworks";
				PRODUCT_NAME = "$(TARGET_NAME)";
				TEST_HOST = "$(BUILT_PRODUCTS_DIR)/ExampleApp.app/ExampleApp";
			};
			name = Debug;
		};
		DAAE3F821A097C2E0033C82B /* Release */ = {
			isa = XCBuildConfiguration;
			buildSettings = {
				BUNDLE_LOADER = "$(TEST_HOST)";
				FRAMEWORK_SEARCH_PATHS = (
					"$(SDKROOT)/Developer/Library/Frameworks",
					"$(inherited)",
				);
				INFOPLIST_FILE = ExampleAppTests/Info.plist;
				LD_RUNPATH_SEARCH_PATHS = "$(inherited) @executable_path/Frameworks @loader_path/Frameworks";
				PRODUCT_NAME = "$(TARGET_NAME)";
				TEST_HOST = "$(BUILT_PRODUCTS_DIR)/ExampleApp.app/ExampleApp";
			};
			name = Release;
		};
/* End XCBuildConfiguration section */

/* Begin XCConfigurationList section */
		DAAE3F591A097C2E0033C82B /* Build configuration list for PBXProject "ExampleApp" */ = {
			isa = XCConfigurationList;
			buildConfigurations = (
				DAAE3F7B1A097C2E0033C82B /* Debug */,
				DAAE3F7C1A097C2E0033C82B /* Release */,
			);
			defaultConfigurationIsVisible = 0;
			defaultConfigurationName = Release;
		};
		DAAE3F7D1A097C2E0033C82B /* Build configuration list for PBXNativeTarget "ExampleApp" */ = {
			isa = XCConfigurationList;
			buildConfigurations = (
				DAAE3F7E1A097C2E0033C82B /* Debug */,
				DAAE3F7F1A097C2E0033C82B /* Release */,
			);
			defaultConfigurationIsVisible = 0;
			defaultConfigurationName = Release;
		};
		DAAE3F801A097C2E0033C82B /* Build configuration list for PBXNativeTarget "ExampleAppTests" */ = {
			isa = XCConfigurationList;
			buildConfigurations = (
				DAAE3F811A097C2E0033C82B /* Debug */,
				DAAE3F821A097C2E0033C82B /* Release */,
			);
			defaultConfigurationIsVisible = 0;
			defaultConfigurationName = Release;
		};
/* End XCConfigurationList section */
	};
	rootObject = DAAE3F561A097C2E0033C82B /* Project object */;
}
